{
  "version": 4,
  "terraform_version": "1.10.5",
  "serial": 8,
  "lineage": "662c1a19-1a7e-e4bc-2872-2a1d3f52b2e0",
  "outputs": {},
  "resources": [
    {
      "mode": "data",
      "type": "aws_iam_policy_document",
      "name": "assume_role",
      "provider": "provider[\"registry.terraform.io/hashicorp/aws\"]",
      "instances": [
        {
          "schema_version": 0,
          "attributes": {
            "id": "2690255455",
            "json": "{\n  \"Version\": \"2012-10-17\",\n  \"Statement\": [\n    {\n      \"Effect\": \"Allow\",\n      \"Action\": \"sts:AssumeRole\",\n      \"Principal\": {\n        \"Service\": \"lambda.amazonaws.com\"\n      }\n    }\n  ]\n}",
            "minified_json": "{\"Version\":\"2012-10-17\",\"Statement\":[{\"Effect\":\"Allow\",\"Action\":\"sts:AssumeRole\",\"Principal\":{\"Service\":\"lambda.amazonaws.com\"}}]}",
            "override_json": null,
            "override_policy_documents": null,
            "policy_id": null,
            "source_json": null,
            "source_policy_documents": null,
            "statement": [
              {
                "actions": ["sts:AssumeRole"],
                "condition": [],
                "effect": "Allow",
                "not_actions": [],
                "not_principals": [],
                "not_resources": [],
                "principals": [
                  {
                    "identifiers": ["lambda.amazonaws.com"],
                    "type": "Service"
                  }
                ],
                "resources": [],
                "sid": ""
              }
            ],
            "version": "2012-10-17"
          },
          "sensitive_attributes": []
        }
      ]
    },
    {
      "mode": "managed",
      "type": "aws_iam_role",
      "name": "lambda_role",
      "provider": "provider[\"registry.terraform.io/hashicorp/aws\"]",
      "instances": [
        {
          "schema_version": 0,
          "attributes": {
            "arn": "arn:aws:iam::216548231692:role/tf_lambda_iam_cloudwatch_logs",
            "assume_role_policy": "{\"Statement\":[{\"Action\":\"sts:AssumeRole\",\"Effect\":\"Allow\",\"Principal\":{\"Service\":\"lambda.amazonaws.com\"}}],\"Version\":\"2012-10-17\"}",
            "create_date": "2025-02-07T14:54:30Z",
            "description": "",
            "force_detach_policies": false,
            "id": "tf_lambda_iam_cloudwatch_logs",
            "inline_policy": [],
            "managed_policy_arns": [
              "arn:aws:iam::aws:policy/service-role/AWSLambdaBasicExecutionRole"
            ],
            "max_session_duration": 3600,
            "name": "tf_lambda_iam_cloudwatch_logs",
            "name_prefix": "",
            "path": "/",
            "permissions_boundary": "",
            "tags": {},
            "tags_all": {},
            "unique_id": "AROATE22HZIGCP2TEWABU"
          },
          "sensitive_attributes": [],
          "private": "bnVsbA==",
          "dependencies": ["data.aws_iam_policy_document.assume_role"]
        }
      ]
    },
    {
      "mode": "managed",
      "type": "aws_lambda_function_url",
      "name": "discordWebhookLambda_function_url",
      "provider": "provider[\"registry.terraform.io/hashicorp/aws\"]",
      "instances": [
        {
          "schema_version": 0,
          "attributes": {
            "authorization_type": "NONE",
            "cors": [
              {
                "allow_credentials": false,
                "allow_headers": ["auth", "date", "keep-alive"],
                "allow_methods": ["POST"],
                "allow_origins": ["https://zvzegsqprutvkaafnfdh.supabase.co"],
                "expose_headers": [],
                "max_age": 0
              }
            ],
            "function_arn": "arn:aws:lambda:eu-central-1:216548231692:function:discordWebhook",
            "function_name": "discordWebhook",
            "function_url": "https://74m4xrmwdvzxxpfv7fzvgdhvae0yiitf.lambda-url.eu-central-1.on.aws/",
            "id": "discordWebhook",
            "invoke_mode": "BUFFERED",
            "qualifier": "",
            "timeouts": null,
            "url_id": "74m4xrmwdvzxxpfv7fzvgdhvae0yiitf"
          },
          "sensitive_attributes": [
            [
              {
                "type": "get_attr",
                "value": "cors"
              },
              {
                "type": "index",
                "value": {
                  "value": 0,
                  "type": "number"
                }
              },
              {
                "type": "get_attr",
                "value": "allow_origins"
              }
            ]
          ],
          "private": "eyJlMmJmYjczMC1lY2FhLTExZTYtOGY4OC0zNDM2M2JjN2M0YzAiOnsiY3JlYXRlIjo2MDAwMDAwMDAwMDB9fQ==",
          "dependencies": [
            "aws_iam_role.lambda_role",
            "data.aws_iam_policy_document.assume_role",
            "module.discordWebhookLambda.aws_cloudwatch_log_group.this",
            "module.discordWebhookLambda.aws_iam_role_policy_attachment.lambda_logs",
            "module.discordWebhookLambda.aws_lambda_function.this",
            "module.discordWebhookLambda.data.aws_iam_policy.lambda_basic_execution_policy"
          ]
        }
      ]
    },
    {
      "module": "module.discordWebhookLambda",
      "mode": "data",
      "type": "aws_iam_policy",
      "name": "lambda_basic_execution_policy",
      "provider": "provider[\"registry.terraform.io/hashicorp/aws\"]",
      "instances": [
        {
          "schema_version": 0,
          "attributes": {
            "arn": "arn:aws:iam::aws:policy/service-role/AWSLambdaBasicExecutionRole",
            "attachment_count": 1,
            "description": "Provides write permissions to CloudWatch Logs.",
            "id": "arn:aws:iam::aws:policy/service-role/AWSLambdaBasicExecutionRole",
            "name": "AWSLambdaBasicExecutionRole",
            "path": "/service-role/",
            "path_prefix": null,
            "policy": "{\n  \"Version\": \"2012-10-17\",\n  \"Statement\": [\n    {\n      \"Effect\": \"Allow\",\n      \"Action\": [\n        \"logs:CreateLogGroup\",\n        \"logs:CreateLogStream\",\n        \"logs:PutLogEvents\"\n      ],\n      \"Resource\": \"*\"\n    }\n  ]\n}",
            "policy_id": "ANPAJNCQGXC42545SKXIK",
            "tags": {}
          },
          "sensitive_attributes": []
        }
      ]
    },
    {
      "module": "module.discordWebhookLambda",
      "mode": "managed",
      "type": "aws_cloudwatch_log_group",
      "name": "this",
      "provider": "provider[\"registry.terraform.io/hashicorp/aws\"]",
      "instances": [
        {
          "schema_version": 0,
          "attributes": {
            "arn": "arn:aws:logs:eu-central-1:216548231692:log-group:/aws/lambda/discordWebhook",
            "id": "/aws/lambda/discordWebhook",
            "kms_key_id": "",
            "log_group_class": "STANDARD",
            "name": "/aws/lambda/discordWebhook",
            "name_prefix": "",
            "retention_in_days": 14,
            "skip_destroy": false,
            "tags": {},
            "tags_all": {}
          },
          "sensitive_attributes": [],
          "private": "bnVsbA=="
        }
      ]
    },
    {
      "module": "module.discordWebhookLambda",
      "mode": "managed",
      "type": "aws_iam_role_policy_attachment",
      "name": "lambda_logs",
      "provider": "provider[\"registry.terraform.io/hashicorp/aws\"]",
      "instances": [
        {
          "schema_version": 0,
          "attributes": {
            "id": "tf_lambda_iam_cloudwatch_logs-20250207145430959600000001",
            "policy_arn": "arn:aws:iam::aws:policy/service-role/AWSLambdaBasicExecutionRole",
            "role": "tf_lambda_iam_cloudwatch_logs"
          },
          "sensitive_attributes": [],
          "private": "bnVsbA==",
          "dependencies": [
            "aws_iam_role.lambda_role",
            "data.aws_iam_policy_document.assume_role",
            "module.discordWebhookLambda.data.aws_iam_policy.lambda_basic_execution_policy"
          ]
        }
      ]
    },
    {
      "module": "module.discordWebhookLambda",
      "mode": "managed",
      "type": "aws_lambda_function",
      "name": "this",
      "provider": "provider[\"registry.terraform.io/hashicorp/aws\"]",
      "instances": [
        {
          "schema_version": 0,
          "attributes": {
            "architectures": ["x86_64"],
            "arn": "arn:aws:lambda:eu-central-1:216548231692:function:discordWebhook",
            "code_sha256": "MgCvepbbod9zNdZsOCAOQN9FT7BTwD2obMuy3g/9Pdg=",
            "code_signing_config_arn": "",
            "dead_letter_config": [],
            "description": "Discord webhook lambda that notifies discord members of a newly created stamp.",
            "environment": [
              {
                "variables": {
                  "DISCORD_WEBHOOK_URL": "https://discord.com/api/webhooks/1301565805456003152/qx7eVWNJ4On0hu6HglQdY_8Ob4lCvjsfZdNX7J4N3OrSKQEH_MFq8SOHP7bAv6rwHDPs"
                }
              }
            ],
            "ephemeral_storage": [
              {
                "size": 512
              }
            ],
            "file_system_config": [],
            "filename": "./lambdas/discordWebhook/dist/discordWebhook.zip",
            "function_name": "discordWebhook",
            "handler": "index.handler",
            "id": "discordWebhook",
            "image_config": [],
            "image_uri": "",
            "invoke_arn": "arn:aws:apigateway:eu-central-1:lambda:path/2015-03-31/functions/arn:aws:lambda:eu-central-1:216548231692:function:discordWebhook/invocations",
            "kms_key_arn": "",
            "last_modified": "2025-02-07T14:57:05.000+0000",
            "layers": [],
            "logging_config": [
              {
                "application_log_level": "",
                "log_format": "Text",
                "log_group": "/aws/lambda/discordWebhook",
                "system_log_level": ""
              }
            ],
            "memory_size": 128,
            "package_type": "Zip",
            "publish": false,
            "qualified_arn": "arn:aws:lambda:eu-central-1:216548231692:function:discordWebhook:$LATEST",
            "qualified_invoke_arn": "arn:aws:apigateway:eu-central-1:lambda:path/2015-03-31/functions/arn:aws:lambda:eu-central-1:216548231692:function:discordWebhook:$LATEST/invocations",
            "replace_security_groups_on_destroy": null,
            "replacement_security_group_ids": null,
            "reserved_concurrent_executions": -1,
            "role": "arn:aws:iam::216548231692:role/tf_lambda_iam_cloudwatch_logs",
            "runtime": "nodejs20.x",
            "s3_bucket": null,
            "s3_key": null,
            "s3_object_version": null,
            "signing_job_arn": "",
            "signing_profile_version_arn": "",
            "skip_destroy": false,
            "snap_start": [],
            "source_code_hash": "MgCvepbbod9zNdZsOCAOQN9FT7BTwD2obMuy3g/9Pdg=",
            "source_code_size": 3931,
            "tags": {},
            "tags_all": {},
            "timeout": 300,
            "timeouts": null,
            "tracing_config": [
              {
                "mode": "PassThrough"
              }
            ],
            "version": "$LATEST",
            "vpc_config": []
          },
          "sensitive_attributes": [
            [
              {
                "type": "get_attr",
                "value": "environment"
              },
              {
                "type": "index",
                "value": {
                  "value": 0,
                  "type": "number"
                }
              },
              {
                "type": "get_attr",
                "value": "variables"
              },
              {
                "type": "index",
                "value": {
                  "value": "DISCORD_WEBHOOK_URL",
                  "type": "string"
                }
              }
            ]
          ],
          "private": "eyJlMmJmYjczMC1lY2FhLTExZTYtOGY4OC0zNDM2M2JjN2M0YzAiOnsiY3JlYXRlIjo2MDAwMDAwMDAwMDAsImRlbGV0ZSI6NjAwMDAwMDAwMDAwLCJ1cGRhdGUiOjYwMDAwMDAwMDAwMH19",
          "dependencies": [
            "aws_iam_role.lambda_role",
            "data.aws_iam_policy_document.assume_role",
            "module.discordWebhookLambda.aws_cloudwatch_log_group.this",
            "module.discordWebhookLambda.aws_iam_role_policy_attachment.lambda_logs",
            "module.discordWebhookLambda.data.aws_iam_policy.lambda_basic_execution_policy"
          ]
        }
      ]
    }
  ],
  "check_results": null
}
